
Microsoft Visual Studio Solution File, Format Version 12.00
# Visual Studio Version 16
VisualStudioVersion = 16.0.32228.343
MinimumVisualStudioVersion = 10.0.40219.1
Project("{FAE04EC0-301F-11D3-BF4B-00C04F79EFBC}") = "EscritorioOnline", "EscritorioOnline\EscritorioOnline.csproj", "{7BF5D781-C986-43DD-912C-0971896D61DF}"
EndProject
Global
	GlobalSection(SolutionConfigurationPlatforms) = preSolution
		Debug|Any CPU = Debug|Any CPU
		Release|Any CPU = Release|Any CPU
	EndGlobalSection
	GlobalSection(ProjectConfigurationPlatforms) = postSolution
		{7BF5D781-C986-43DD-912C-0971896D61DF}.Debug|Any CPU.ActiveCfg = Debug|Any CPU
		{7BF5D781-C986-43DD-912C-0971896D61DF}.Debug|Any CPU.Build.0 = Debug|Any CPU
		{7BF5D781-C986-43DD-912C-0971896D61DF}.Release|Any CPU.ActiveCfg = Release|Any CPU
		{7BF5D781-C986-43DD-912C-0971896D61DF}.Release|Any CPU.Build.0 = Release|Any CPU
	EndGlobalSection
	GlobalSection(SolutionProperties) = preSolution
		HideSolutionNode = FALSE
	EndGlobalSection
	GlobalSection(ExtensibilityGlobals) = postSolution
		SolutionGuid = {65A5ADEB-811B-473C-BDA3-56A54A26757E}
	EndGlobalSection
EndGlobal
